
Microsoft Visual Studio Solution File, Format Version 12.00
# Visual Studio Version 17
VisualStudioVersion = 17.3.32825.248
MinimumVisualStudioVersion = 10.0.40219.1
Project("{FAE04EC0-301F-11D3-BF4B-00C04F79EFBC}") = "Lector_de_voz", "Lector_de_voz.csproj", "{ED702D76-562D-418E-AC67-1AFBDE4671AF}"
EndProject
Global
	GlobalSection(SolutionConfigurationPlatforms) = preSolution
		Debug|Any CPU = Debug|Any CPU
		Release|Any CPU = Release|Any CPU
	EndGlobalSection
	GlobalSection(ProjectConfigurationPlatforms) = postSolution
		{ED702D76-562D-418E-AC67-1AFBDE4671AF}.Debug|Any CPU.ActiveCfg = Debug|Any CPU
		{ED702D76-562D-418E-AC67-1AFBDE4671AF}.Debug|Any CPU.Build.0 = Debug|Any CPU
		{ED702D76-562D-418E-AC67-1AFBDE4671AF}.Release|Any CPU.ActiveCfg = Release|Any CPU
		{ED702D76-562D-418E-AC67-1AFBDE4671AF}.Release|Any CPU.Build.0 = Release|Any CPU
	EndGlobalSection
	GlobalSection(SolutionProperties) = preSolution
		HideSolutionNode = FALSE
	EndGlobalSection
	GlobalSection(ExtensibilityGlobals) = postSolution
		SolutionGuid = {B4D9B676-5B13-47CB-A3B8-DB4D15BA1EE0}
	EndGlobalSection
EndGlobal
